
Microsoft Visual Studio Solution File, Format Version 12.00
# Visual Studio Version 17
VisualStudioVersion = 17.12.35506.116
MinimumVisualStudioVersion = 10.0.40219.1
Project("{FAE04EC0-301F-11D3-BF4B-00C04F79EFBC}") = "Pokemon_API", "Pokemon_API\Pokemon_API.csproj", "{B728274F-3E1A-41B7-A7F5-145704186116}"
EndProject
Project("{E53339B2-1760-4266-BCC7-CA923CBCF16C}") = "docker-compose", "docker-compose.dcproj", "{81DDED9D-158B-E303-5F62-77A2896D2A5A}"
EndProject
Project("{FAE04EC0-301F-11D3-BF4B-00C04F79EFBC}") = "User_API", "User_API\User_API.csproj", "{0B9EDF2F-B094-4D51-B8C4-B34387FAB6E5}"
EndProject
Project("{FAE04EC0-301F-11D3-BF4B-00C04F79EFBC}") = "Shared", "Shared\Shared.csproj", "{FAE599EA-A878-46CB-AD4A-82DDC9EC5458}"
EndProject
Project("{FAE04EC0-301F-11D3-BF4B-00C04F79EFBC}") = "ApiGateway", "ApiGateway\ApiGateway.csproj", "{E9E73637-72F5-42A6-99E1-22412E73ECF8}"
EndProject
Global
	GlobalSection(SolutionConfigurationPlatforms) = preSolution
		Debug|Any CPU = Debug|Any CPU
		Release|Any CPU = Release|Any CPU
	EndGlobalSection
	GlobalSection(ProjectConfigurationPlatforms) = postSolution
		{B728274F-3E1A-41B7-A7F5-145704186116}.Debug|Any CPU.ActiveCfg = Debug|Any CPU
		{B728274F-3E1A-41B7-A7F5-145704186116}.Debug|Any CPU.Build.0 = Debug|Any CPU
		{B728274F-3E1A-41B7-A7F5-145704186116}.Release|Any CPU.ActiveCfg = Release|Any CPU
		{B728274F-3E1A-41B7-A7F5-145704186116}.Release|Any CPU.Build.0 = Release|Any CPU
		{81DDED9D-158B-E303-5F62-77A2896D2A5A}.Debug|Any CPU.ActiveCfg = Debug|Any CPU
		{81DDED9D-158B-E303-5F62-77A2896D2A5A}.Debug|Any CPU.Build.0 = Debug|Any CPU
		{81DDED9D-158B-E303-5F62-77A2896D2A5A}.Release|Any CPU.ActiveCfg = Release|Any CPU
		{81DDED9D-158B-E303-5F62-77A2896D2A5A}.Release|Any CPU.Build.0 = Release|Any CPU
		{0B9EDF2F-B094-4D51-B8C4-B34387FAB6E5}.Debug|Any CPU.ActiveCfg = Debug|Any CPU
		{0B9EDF2F-B094-4D51-B8C4-B34387FAB6E5}.Debug|Any CPU.Build.0 = Debug|Any CPU
		{0B9EDF2F-B094-4D51-B8C4-B34387FAB6E5}.Release|Any CPU.ActiveCfg = Release|Any CPU
		{0B9EDF2F-B094-4D51-B8C4-B34387FAB6E5}.Release|Any CPU.Build.0 = Release|Any CPU
		{FAE599EA-A878-46CB-AD4A-82DDC9EC5458}.Debug|Any CPU.ActiveCfg = Debug|Any CPU
		{FAE599EA-A878-46CB-AD4A-82DDC9EC5458}.Debug|Any CPU.Build.0 = Debug|Any CPU
		{FAE599EA-A878-46CB-AD4A-82DDC9EC5458}.Release|Any CPU.ActiveCfg = Release|Any CPU
		{FAE599EA-A878-46CB-AD4A-82DDC9EC5458}.Release|Any CPU.Build.0 = Release|Any CPU
		{E9E73637-72F5-42A6-99E1-22412E73ECF8}.Debug|Any CPU.ActiveCfg = Debug|Any CPU
		{E9E73637-72F5-42A6-99E1-22412E73ECF8}.Debug|Any CPU.Build.0 = Debug|Any CPU
		{E9E73637-72F5-42A6-99E1-22412E73ECF8}.Release|Any CPU.ActiveCfg = Release|Any CPU
		{E9E73637-72F5-42A6-99E1-22412E73ECF8}.Release|Any CPU.Build.0 = Release|Any CPU
	EndGlobalSection
	GlobalSection(SolutionProperties) = preSolution
		HideSolutionNode = FALSE
	EndGlobalSection
	GlobalSection(ExtensibilityGlobals) = postSolution
		SolutionGuid = {968FA2BB-7235-4B20-9BBF-8E81A8BDC35F}
	EndGlobalSection
EndGlobal
